// !$*UTF8*$!
{
	archiveVersion = 1;
	classes = {
	};
	objectVersion = 77;
	objects = {

/* Begin PBXContainerItemProxy section */
		38CD0E6F2DEFE97A00E6B582 /* PBXContainerItemProxy */ = {
			isa = PBXContainerItemProxy;
			containerPortal = 38CD0E552DEFE97800E6B582 /* Project object */;
			proxyType = 1;
			remoteGlobalIDString = 38CD0E5C2DEFE97800E6B582;
			remoteInfo = GRv1;
		};
		38CD0E792DEFE97A00E6B582 /* PBXContainerItemProxy */ = {
			isa = PBXContainerItemProxy;
			containerPortal = 38CD0E552DEFE97800E6B582 /* Project object */;
			proxyType = 1;
			remoteGlobalIDString = 38CD0E5C2DEFE97800E6B582;
			remoteInfo = GRv1;
		};
/* End PBXContainerItemProxy section */

/* Begin PBXFileReference section */
		38CD0E5D2DEFE97800E6B582 /* Grass Roots v1.app */ = {isa = PBXFileReference; explicitFileType = wrapper.application; includeInIndex = 0; path = "Grass Roots v1.app"; sourceTree = BUILT_PRODUCTS_DIR; };
		38CD0E6E2DEFE97A00E6B582 /* Grass Roots v1Tests.xctest */ = {isa = PBXFileReference; explicitFileType = wrapper.cfbundle; includeInIndex = 0; path = "Grass Roots v1Tests.xctest"; sourceTree = BUILT_PRODUCTS_DIR; };
		38CD0E782DEFE97A00E6B582 /* Grass Roots v1UITests.xctest */ = {isa = PBXFileReference; explicitFileType = wrapper.cfbundle; includeInIndex = 0; path = "Grass Roots v1UITests.xctest"; sourceTree = BUILT_PRODUCTS_DIR; };
/* End PBXFileReference section */

/* Begin PBXFileSystemSynchronizedBuildFileExceptionSet section */
		38CD0E802DEFE97A00E6B582 /* Exceptions for "GRv1" folder in "Grass Roots v1" target */ = {
			isa = PBXFileSystemSynchronizedBuildFileExceptionSet;
			membershipExceptions = (
				Info.plist,
			);
			target = 38CD0E5C2DEFE97800E6B582 /* Grass Roots v1 */;
		};
/* End PBXFileSystemSynchronizedBuildFileExceptionSet section */

/* Begin PBXFileSystemSynchronizedRootGroup section */
		38CD0E5F2DEFE97800E6B582 /* GRv1 */ = {
			isa = PBXFileSystemSynchronizedRootGroup;
			exceptions = (
				38CD0E802DEFE97A00E6B582 /* Exceptions for "GRv1" folder in "Grass Roots v1" target */,
			);
			path = GRv1;
			sourceTree = "<group>";
		};
		38CD0E712DEFE97A00E6B582 /* GRv1Tests */ = {
			isa = PBXFileSystemSynchronizedRootGroup;
			path = GRv1Tests;
			sourceTree = "<group>";
		};
		38CD0E7B2DEFE97A00E6B582 /* GRv1UITests */ = {
			isa = PBXFileSystemSynchronizedRootGroup;
			path = GRv1UITests;
			sourceTree = "<group>";
		};
/* End PBXFileSystemSynchronizedRootGroup section */

/* Begin PBXFrameworksBuildPhase section */
		38CD0E5A2DEFE97800E6B582 /* Frameworks */ = {
			isa = PBXFrameworksBuildPhase;
			buildActionMask = 2147483647;
			files = (
			);
			runOnlyForDeploymentPostprocessing = 0;
		};
		38CD0E6B2DEFE97A00E6B582 /* Frameworks */ = {
			isa = PBXFrameworksBuildPhase;
			buildActionMask = 2147483647;
			files = (
			);
			runOnlyForDeploymentPostprocessing = 0;
		};
		38CD0E752DEFE97A00E6B582 /* Frameworks */ = {
			isa = PBXFrameworksBuildPhase;
			buildActionMask = 2147483647;
			files = (
			);
			runOnlyForDeploymentPostprocessing = 0;
		};
/* End PBXFrameworksBuildPhase section */

/* Begin PBXGroup section */
		38CD0E542DEFE97800E6B582 = {
			isa = PBXGroup;
			children = (
				38CD0E5F2DEFE97800E6B582 /* GRv1 */,
				38CD0E712DEFE97A00E6B582 /* GRv1Tests */,
				38CD0E7B2DEFE97A00E6B582 /* GRv1UITests */,
				38CD0E5E2DEFE97800E6B582 /* Products */,
			);
			sourceTree = "<group>";
		};
		38CD0E5E2DEFE97800E6B582 /* Products */ = {
			isa = PBXGroup;
			children = (
				38CD0E5D2DEFE97800E6B582 /* Grass Roots v1.app */,
				38CD0E6E2DEFE97A00E6B582 /* Grass Roots v1Tests.xctest */,
				38CD0E782DEFE97A00E6B582 /* Grass Roots v1UITests.xctest */,
			);
			name = Products;
			sourceTree = "<group>";
		};
/* End PBXGroup section */

/* Begin PBXNativeTarget section */
		38CD0E5C2DEFE97800E6B582 /* Grass Roots v1 */ = {
			isa = PBXNativeTarget;
			buildConfigurationList = 38CD0E812DEFE97A00E6B582 /* Build configuration list for PBXNativeTarget "Grass Roots v1" */;
			buildPhases = (
				38CD0E592DEFE97800E6B582 /* Sources */,
				38CD0E5A2DEFE97800E6B582 /* Frameworks */,
				38CD0E5B2DEFE97800E6B582 /* Resources */,
			);
			buildRules = (
			);
			dependencies = (
			);
			fileSystemSynchronizedGroups = (
				38CD0E5F2DEFE97800E6B582 /* GRv1 */,
			);
			name = "Grass Roots v1";
			packageProductDependencies = (
			);
			productName = GRv1;
			productReference = 38CD0E5D2DEFE97800E6B582 /* Grass Roots v1.app */;
			productType = "com.apple.product-type.application";
		};
		38CD0E6D2DEFE97A00E6B582 /* Grass Roots v1Tests */ = {
			isa = PBXNativeTarget;
			buildConfigurationList = 38CD0E862DEFE97A00E6B582 /* Build configuration list for PBXNativeTarget "Grass Roots v1Tests" */;
			buildPhases = (
				38CD0E6A2DEFE97A00E6B582 /* Sources */,
				38CD0E6B2DEFE97A00E6B582 /* Frameworks */,
				38CD0E6C2DEFE97A00E6B582 /* Resources */,
			);
			buildRules = (
			);
			dependencies = (
				38CD0E702DEFE97A00E6B582 /* PBXTargetDependency */,
			);
			fileSystemSynchronizedGroups = (
				38CD0E712DEFE97A00E6B582 /* GRv1Tests */,
			);
			name = "Grass Roots v1Tests";
			packageProductDependencies = (
			);
			productName = GRv1Tests;
			productReference = 38CD0E6E2DEFE97A00E6B582 /* Grass Roots v1Tests.xctest */;
			productType = "com.apple.product-type.bundle.unit-test";
		};
		38CD0E772DEFE97A00E6B582 /* Grass Roots v1UITests */ = {
			isa = PBXNativeTarget;
			buildConfigurationList = 38CD0E892DEFE97A00E6B582 /* Build configuration list for PBXNativeTarget "Grass Roots v1UITests" */;
			buildPhases = (
				38CD0E742DEFE97A00E6B582 /* Sources */,
				38CD0E752DEFE97A00E6B582 /* Frameworks */,
				38CD0E762DEFE97A00E6B582 /* Resources */,
			);
			buildRules = (
			);
			dependencies = (
				38CD0E7A2DEFE97A00E6B582 /* PBXTargetDependency */,
			);
			fileSystemSynchronizedGroups = (
				38CD0E7B2DEFE97A00E6B582 /* GRv1UITests */,
			);
			name = "Grass Roots v1UITests";
			packageProductDependencies = (
			);
			productName = GRv1UITests;
			productReference = 38CD0E782DEFE97A00E6B582 /* Grass Roots v1UITests.xctest */;
			productType = "com.apple.product-type.bundle.ui-testing";
		};
/* End PBXNativeTarget section */

/* Begin PBXProject section */
		38CD0E552DEFE97800E6B582 /* Project object */ = {
			isa = PBXProject;
			attributes = {
				BuildIndependentTargetsInParallel = 1;
				LastSwiftUpdateCheck = 1640;
				LastUpgradeCheck = 1640;
				TargetAttributes = {
					38CD0E5C2DEFE97800E6B582 = {
						CreatedOnToolsVersion = 16.4;
					};
					38CD0E6D2DEFE97A00E6B582 = {
						CreatedOnToolsVersion = 16.4;
						TestTargetID = 38CD0E5C2DEFE97800E6B582;
					};
					38CD0E772DEFE97A00E6B582 = {
						CreatedOnToolsVersion = 16.4;
						TestTargetID = 38CD0E5C2DEFE97800E6B582;
					};
				};
			};
			buildConfigurationList = 38CD0E582DEFE97800E6B582 /* Build configuration list for PBXProject "Grass Roots v1" */;
			developmentRegion = en;
			hasScannedForEncodings = 0;
			knownRegions = (
				en,
				Base,
			);
			mainGroup = 38CD0E542DEFE97800E6B582;
			minimizedProjectReferenceProxies = 1;
			preferredProjectObjectVersion = 77;
			productRefGroup = 38CD0E5E2DEFE97800E6B582 /* Products */;
			projectDirPath = "";
			projectRoot = "";
			targets = (
				38CD0E5C2DEFE97800E6B582 /* Grass Roots v1 */,
				38CD0E6D2DEFE97A00E6B582 /* Grass Roots v1Tests */,
				38CD0E772DEFE97A00E6B582 /* Grass Roots v1UITests */,
			);
		};
/* End PBXProject section */

/* Begin PBXResourcesBuildPhase section */
		38CD0E5B2DEFE97800E6B582 /* Resources */ = {
			isa = PBXResourcesBuildPhase;
			buildActionMask = 2147483647;
			files = (
			);
			runOnlyForDeploymentPostprocessing = 0;
		};
		38CD0E6C2DEFE97A00E6B582 /* Resources */ = {
			isa = PBXResourcesBuildPhase;
			buildActionMask = 2147483647;
			files = (
			);
			runOnlyForDeploymentPostprocessing = 0;
		};
		38CD0E762DEFE97A00E6B582 /* Resources */ = {
			isa = PBXResourcesBuildPhase;
			buildActionMask = 2147483647;
			files = (
			);
			runOnlyForDeploymentPostprocessing = 0;
		};
/* End PBXResourcesBuildPhase section */

/* Begin PBXSourcesBuildPhase section */
		38CD0E592DEFE97800E6B582 /* Sources */ = {
			isa = PBXSourcesBuildPhase;
			buildActionMask = 2147483647;
			files = (
			);
			runOnlyForDeploymentPostprocessing = 0;
		};
		38CD0E6A2DEFE97A00E6B582 /* Sources */ = {
			isa = PBXSourcesBuildPhase;
			buildActionMask = 2147483647;
			files = (
			);
			runOnlyForDeploymentPostprocessing = 0;
		};
		38CD0E742DEFE97A00E6B582 /* Sources */ = {
			isa = PBXSourcesBuildPhase;
			buildActionMask = 2147483647;
			files = (
			);
			runOnlyForDeploymentPostprocessing = 0;
		};
/* End PBXSourcesBuildPhase section */

/* Begin PBXTargetDependency section */
		38CD0E702DEFE97A00E6B582 /* PBXTargetDependency */ = {
			isa = PBXTargetDependency;
			target = 38CD0E5C2DEFE97800E6B582 /* Grass Roots v1 */;
			targetProxy = 38CD0E6F2DEFE97A00E6B582 /* PBXContainerItemProxy */;
		};
		38CD0E7A2DEFE97A00E6B582 /* PBXTargetDependency */ = {
			isa = PBXTargetDependency;
			target = 38CD0E5C2DEFE97800E6B582 /* Grass Roots v1 */;
			targetProxy = 38CD0E792DEFE97A00E6B582 /* PBXContainerItemProxy */;
		};
/* End PBXTargetDependency section */

/* Begin XCBuildConfiguration section */
		38CD0E822DEFE97A00E6B582 /* Debug */ = {
			isa = XCBuildConfiguration;
			buildSettings = {
				ASSETCATALOG_COMPILER_APPICON_NAME = AppIcon;
				ASSETCATALOG_COMPILER_GLOBAL_ACCENT_COLOR_NAME = AccentColor;
				CODE_SIGN_ENTITLEMENTS = GRv1/GRv1.entitlements;
				CODE_SIGN_STYLE = Automatic;
				CURRENT_PROJECT_VERSION = 1;
				DEVELOPMENT_TEAM = 8N62K665FS;
				ENABLE_PREVIEWS = YES;
				GENERATE_INFOPLIST_FILE = YES;
				INFOPLIST_FILE = GRv1/Info.plist;
				INFOPLIST_KEY_UIApplicationSceneManifest_Generation = YES;
				INFOPLIST_KEY_UIApplicationSupportsIndirectInputEvents = YES;
				INFOPLIST_KEY_UILaunchScreen_Generation = YES;
				INFOPLIST_KEY_UISupportedInterfaceOrientations_iPad = "UIInterfaceOrientationPortrait UIInterfaceOrientationPortraitUpsideDown UIInterfaceOrientationLandscapeLeft UIInterfaceOrientationLandscapeRight";
				INFOPLIST_KEY_UISupportedInterfaceOrientations_iPhone = "UIInterfaceOrientationPortrait UIInterfaceOrientationLandscapeLeft UIInterfaceOrientationLandscapeRight";
				LD_RUNPATH_SEARCH_PATHS = (
					"$(inherited)",
					"@executable_path/Frameworks",
				);
				MARKETING_VERSION = 1.0;
				PRODUCT_BUNDLE_IDENTIFIER = name.darnellcarter.GRv1;
				PRODUCT_NAME = "$(TARGET_NAME)";
				SWIFT_EMIT_LOC_STRINGS = YES;
				SWIFT_VERSION = 5.0;
				TARGETED_DEVICE_FAMILY = "1,2";
			};
			name = Debug;
		};
		38CD0E832DEFE97A00E6B582 /* Release */ = {
			isa = XCBuildConfiguration;
			buildSettings = {
				ASSETCATALOG_COMPILER_APPICON_NAME = AppIcon;
				ASSETCATALOG_COMPILER_GLOBAL_ACCENT_COLOR_NAME = AccentColor;
				CODE_SIGN_ENTITLEMENTS = GRv1/GRv1.entitlements;
				CODE_SIGN_STYLE = Automatic;
				CURRENT_PROJECT_VERSION = 1;
				DEVELOPMENT_TEAM = 8N62K665FS;
				ENABLE_PREVIEWS = YES;
				GENERATE_INFOPLIST_FILE = YES;
				INFOPLIST_FILE = GRv1/Info.plist;
				INFOPLIST_KEY_UIApplicationSceneManifest_Generation = YES;
				INFOPLIST_KEY_UIApplicationSupportsIndirectInputEvents = YES;
				INFOPLIST_KEY_UILaunchScreen_Generation = YES;
				INFOPLIST_KEY_UISupportedInterfaceOrientations_iPad = "UIInterfaceOrientationPortrait UIInterfaceOrientationPortraitUpsideDown UIInterfaceOrientationLandscapeLeft UIInterfaceOrientationLandscapeRight";
				INFOPLIST_KEY_UISupportedInterfaceOrientations_iPhone = "UIInterfaceOrientationPortrait UIInterfaceOrientationLandscapeLeft UIInterfaceOrientationLandscapeRight";
				LD_RUNPATH_SEARCH_PATHS = (
					"$(inherited)",
					"@executable_path/Frameworks",
				);
				MARKETING_VERSION = 1.0;
				PRODUCT_BUNDLE_IDENTIFIER = name.darnellcarter.GRv1;
				PRODUCT_NAME = "$(TARGET_NAME)";
				SWIFT_EMIT_LOC_STRINGS = YES;
				SWIFT_VERSION = 5.0;
				TARGETED_DEVICE_FAMILY = "1,2";
			};
			name = Release;
		};
		38CD0E842DEFE97A00E6B582 /* Debug */ = {
			isa = XCBuildConfiguration;
			buildSettings = {
				ALWAYS_SEARCH_USER_PATHS = NO;
				ASSETCATALOG_COMPILER_GENERATE_SWIFT_ASSET_SYMBOL_EXTENSIONS = YES;
				CLANG_ANALYZER_NONNULL = YES;
				CLANG_ANALYZER_NUMBER_OBJECT_CONVERSION = YES_AGGRESSIVE;
				CLANG_CXX_LANGUAGE_STANDARD = "gnu++20";
				CLANG_ENABLE_MODULES = YES;
				CLANG_ENABLE_OBJC_ARC = YES;
				CLANG_ENABLE_OBJC_WEAK = YES;
				CLANG_WARN_BLOCK_CAPTURE_AUTORELEASING = YES;
				CLANG_WARN_BOOL_CONVERSION = YES;
				CLANG_WARN_COMMA = YES;
				CLANG_WARN_CONSTANT_CONVERSION = YES;
				CLANG_WARN_DEPRECATED_OBJC_IMPLEMENTATIONS = YES;
				CLANG_WARN_DIRECT_OBJC_ISA_USAGE = YES_ERROR;
				CLANG_WARN_DOCUMENTATION_COMMENTS = YES;
				CLANG_WARN_EMPTY_BODY = YES;
				CLANG_WARN_ENUM_CONVERSION = YES;
				CLANG_WARN_INFINITE_RECURSION = YES;
				CLANG_WARN_INT_CONVERSION = YES;
				CLANG_WARN_NON_LITERAL_NULL_CONVERSION = YES;
				CLANG_WARN_OBJC_IMPLICIT_RETAIN_SELF = YES;
				CLANG_WARN_OBJC_LITERAL_CONVERSION = YES;
				CLANG_WARN_OBJC_ROOT_CLASS = YES_ERROR;
				CLANG_WARN_QUOTED_INCLUDE_IN_FRAMEWORK_HEADER = YES;
				CLANG_WARN_RANGE_LOOP_ANALYSIS = YES;
				CLANG_WARN_STRICT_PROTOTYPES = YES;
				CLANG_WARN_SUSPICIOUS_MOVE = YES;
				CLANG_WARN_UNGUARDED_AVAILABILITY = YES_AGGRESSIVE;
				CLANG_WARN_UNREACHABLE_CODE = YES;
				CLANG_WARN__DUPLICATE_METHOD_MATCH = YES;
				COPY_PHASE_STRIP = NO;
				DEBUG_INFORMATION_FORMAT = dwarf;
				DEVELOPMENT_TEAM = 8N62K665FS;
				ENABLE_STRICT_OBJC_MSGSEND = YES;
				ENABLE_TESTABILITY = YES;
				ENABLE_USER_SCRIPT_SANDBOXING = YES;
				GCC_C_LANGUAGE_STANDARD = gnu17;
				GCC_DYNAMIC_NO_PIC = NO;
				GCC_NO_COMMON_BLOCKS = YES;
				GCC_OPTIMIZATION_LEVEL = 0;
				GCC_PREPROCESSOR_DEFINITIONS = (
					"DEBUG=1",
					"$(inherited)",
				);
				GCC_WARN_64_TO_32_BIT_CONVERSION = YES;
				GCC_WARN_ABOUT_RETURN_TYPE = YES_ERROR;
				GCC_WARN_UNDECLARED_SELECTOR = YES;
				GCC_WARN_UNINITIALIZED_AUTOS = YES_AGGRESSIVE;
				GCC_WARN_UNUSED_FUNCTION = YES;
				GCC_WARN_UNUSED_VARIABLE = YES;
				IPHONEOS_DEPLOYMENT_TARGET = 18.5;
				LOCALIZATION_PREFERS_STRING_CATALOGS = YES;
				MTL_ENABLE_DEBUG_INFO = INCLUDE_SOURCE;
				MTL_FAST_MATH = YES;
				ONLY_ACTIVE_ARCH = YES;
				SDKROOT = iphoneos;
				SWIFT_ACTIVE_COMPILATION_CONDITIONS = "DEBUG $(inherited)";
				SWIFT_OPTIMIZATION_LEVEL = "-Onone";
			};
			name = Debug;
		};
		38CD0E852DEFE97A00E6B582 /* Release */ = {
			isa = XCBuildConfiguration;
			buildSettings = {
				ALWAYS_SEARCH_USER_PATHS = NO;
				ASSETCATALOG_COMPILER_GENERATE_SWIFT_ASSET_SYMBOL_EXTENSIONS = YES;
				CLANG_ANALYZER_NONNULL = YES;
				CLANG_ANALYZER_NUMBER_OBJECT_CONVERSION = YES_AGGRESSIVE;
				CLANG_CXX_LANGUAGE_STANDARD = "gnu++20";
				CLANG_ENABLE_MODULES = YES;
				CLANG_ENABLE_OBJC_ARC = YES;
				CLANG_ENABLE_OBJC_WEAK = YES;
				CLANG_WARN_BLOCK_CAPTURE_AUTORELEASING = YES;
				CLANG_WARN_BOOL_CONVERSION = YES;
				CLANG_WARN_COMMA = YES;
				CLANG_WARN_CONSTANT_CONVERSION = YES;
				CLANG_WARN_DEPRECATED_OBJC_IMPLEMENTATIONS = YES;
				CLANG_WARN_DIRECT_OBJC_ISA_USAGE = YES_ERROR;
				CLANG_WARN_DOCUMENTATION_COMMENTS = YES;
				CLANG_WARN_EMPTY_BODY = YES;
				CLANG_WARN_ENUM_CONVERSION = YES;
				CLANG_WARN_INFINITE_RECURSION = YES;
				CLANG_WARN_INT_CONVERSION = YES;
				CLANG_WARN_NON_LITERAL_NULL_CONVERSION = YES;
				CLANG_WARN_OBJC_IMPLICIT_RETAIN_SELF = YES;
				CLANG_WARN_OBJC_LITERAL_CONVERSION = YES;
				CLANG_WARN_OBJC_ROOT_CLASS = YES_ERROR;
				CLANG_WARN_QUOTED_INCLUDE_IN_FRAMEWORK_HEADER = YES;
				CLANG_WARN_RANGE_LOOP_ANALYSIS = YES;
				CLANG_WARN_STRICT_PROTOTYPES = YES;
				CLANG_WARN_SUSPICIOUS_MOVE = YES;
				CLANG_WARN_UNGUARDED_AVAILABILITY = YES_AGGRESSIVE;
				CLANG_WARN_UNREACHABLE_CODE = YES;
				CLANG_WARN__DUPLICATE_METHOD_MATCH = YES;
				COPY_PHASE_STRIP = NO;
				DEBUG_INFORMATION_FORMAT = "dwarf-with-dsym";
				DEVELOPMENT_TEAM = 8N62K665FS;
				ENABLE_NS_ASSERTIONS = NO;
				ENABLE_STRICT_OBJC_MSGSEND = YES;
				ENABLE_USER_SCRIPT_SANDBOXING = YES;
				GCC_C_LANGUAGE_STANDARD = gnu17;
				GCC_NO_COMMON_BLOCKS = YES;
				GCC_WARN_64_TO_32_BIT_CONVERSION = YES;
				GCC_WARN_ABOUT_RETURN_TYPE = YES_ERROR;
				GCC_WARN_UNDECLARED_SELECTOR = YES;
				GCC_WARN_UNINITIALIZED_AUTOS = YES_AGGRESSIVE;
				GCC_WARN_UNUSED_FUNCTION = YES;
				GCC_WARN_UNUSED_VARIABLE = YES;
				IPHONEOS_DEPLOYMENT_TARGET = 18.5;
				LOCALIZATION_PREFERS_STRING_CATALOGS = YES;
				MTL_ENABLE_DEBUG_INFO = NO;
				MTL_FAST_MATH = YES;
				SDKROOT = iphoneos;
				SWIFT_COMPILATION_MODE = wholemodule;
				VALIDATE_PRODUCT = YES;
			};
			name = Release;
		};
		38CD0E872DEFE97A00E6B582 /* Debug */ = {
			isa = XCBuildConfiguration;
			buildSettings = {
				BUNDLE_LOADER = "$(TEST_HOST)";
				CODE_SIGN_STYLE = Automatic;
				CURRENT_PROJECT_VERSION = 1;
				DEVELOPMENT_TEAM = 8N62K665FS;
				GENERATE_INFOPLIST_FILE = YES;
				IPHONEOS_DEPLOYMENT_TARGET = 18.5;
				MARKETING_VERSION = 1.0;
				PRODUCT_BUNDLE_IDENTIFIER = name.darnellcarter.GRv1Tests;
				PRODUCT_NAME = "$(TARGET_NAME)";
				SWIFT_EMIT_LOC_STRINGS = NO;
				SWIFT_VERSION = 5.0;
				TARGETED_DEVICE_FAMILY = "1,2";
				TEST_HOST = "$(BUILT_PRODUCTS_DIR)/Grass Roots v1.app/$(BUNDLE_EXECUTABLE_FOLDER_PATH)/Grass Roots v1";
			};
			name = Debug;
		};
		38CD0E882DEFE97A00E6B582 /* Release */ = {
			isa = XCBuildConfiguration;
			buildSettings = {
				BUNDLE_LOADER = "$(TEST_HOST)";
				CODE_SIGN_STYLE = Automatic;
				CURRENT_PROJECT_VERSION = 1;
				DEVELOPMENT_TEAM = 8N62K665FS;
				GENERATE_INFOPLIST_FILE = YES;
				IPHONEOS_DEPLOYMENT_TARGET = 18.5;
				MARKETING_VERSION = 1.0;
				PRODUCT_BUNDLE_IDENTIFIER = name.darnellcarter.GRv1Tests;
				PRODUCT_NAME = "$(TARGET_NAME)";
				SWIFT_EMIT_LOC_STRINGS = NO;
				SWIFT_VERSION = 5.0;
				TARGETED_DEVICE_FAMILY = "1,2";
				TEST_HOST = "$(BUILT_PRODUCTS_DIR)/Grass Roots v1.app/$(BUNDLE_EXECUTABLE_FOLDER_PATH)/Grass Roots v1";
			};
			name = Release;
		};
		38CD0E8A2DEFE97A00E6B582 /* Debug */ = {
			isa = XCBuildConfiguration;
			buildSettings = {
				CODE_SIGN_STYLE = Automatic;
				CURRENT_PROJECT_VERSION = 1;
				DEVELOPMENT_TEAM = 8N62K665FS;
				GENERATE_INFOPLIST_FILE = YES;
				MARKETING_VERSION = 1.0;
				PRODUCT_BUNDLE_IDENTIFIER = name.darnellcarter.GRv1UITests;
				PRODUCT_NAME = "$(TARGET_NAME)";
				SWIFT_EMIT_LOC_STRINGS = NO;
				SWIFT_VERSION = 5.0;
				TARGETED_DEVICE_FAMILY = "1,2";
				TEST_TARGET_NAME = GRv1;
			};
			name = Debug;
		};
		38CD0E8B2DEFE97A00E6B582 /* Release */ = {
			isa = XCBuildConfiguration;
			buildSettings = {
				CODE_SIGN_STYLE = Automatic;
				CURRENT_PROJECT_VERSION = 1;
				DEVELOPMENT_TEAM = 8N62K665FS;
				GENERATE_INFOPLIST_FILE = YES;
				MARKETING_VERSION = 1.0;
				PRODUCT_BUNDLE_IDENTIFIER = name.darnellcarter.GRv1UITests;
				PRODUCT_NAME = "$(TARGET_NAME)";
				SWIFT_EMIT_LOC_STRINGS = NO;
				SWIFT_VERSION = 5.0;
				TARGETED_DEVICE_FAMILY = "1,2";
				TEST_TARGET_NAME = GRv1;
			};
			name = Release;
		};
/* End XCBuildConfiguration section */

/* Begin XCConfigurationList section */
		38CD0E582DEFE97800E6B582 /* Build configuration list for PBXProject "Grass Roots v1" */ = {
			isa = XCConfigurationList;
			buildConfigurations = (
				38CD0E842DEFE97A00E6B582 /* Debug */,
				38CD0E852DEFE97A00E6B582 /* Release */,
			);
			defaultConfigurationIsVisible = 0;
			defaultConfigurationName = Release;
		};
		38CD0E812DEFE97A00E6B582 /* Build configuration list for PBXNativeTarget "Grass Roots v1" */ = {
			isa = XCConfigurationList;
			buildConfigurations = (
				38CD0E822DEFE97A00E6B582 /* Debug */,
				38CD0E832DEFE97A00E6B582 /* Release */,
			);
			defaultConfigurationIsVisible = 0;
			defaultConfigurationName = Release;
		};
		38CD0E862DEFE97A00E6B582 /* Build configuration list for PBXNativeTarget "Grass Roots v1Tests" */ = {
			isa = XCConfigurationList;
			buildConfigurations = (
				38CD0E872DEFE97A00E6B582 /* Debug */,
				38CD0E882DEFE97A00E6B582 /* Release */,
			);
			defaultConfigurationIsVisible = 0;
			defaultConfigurationName = Release;
		};
		38CD0E892DEFE97A00E6B582 /* Build configuration list for PBXNativeTarget "Grass Roots v1UITests" */ = {
			isa = XCConfigurationList;
			buildConfigurations = (
				38CD0E8A2DEFE97A00E6B582 /* Debug */,
				38CD0E8B2DEFE97A00E6B582 /* Release */,
			);
			defaultConfigurationIsVisible = 0;
			defaultConfigurationName = Release;
		};
/* End XCConfigurationList section */
	};
	rootObject = 38CD0E552DEFE97800E6B582 /* Project object */;
}
